
Microsoft Visual Studio Solution File, Format Version 12.00
# Visual Studio Version 17
VisualStudioVersion = 17.8.34525.116
MinimumVisualStudioVersion = 10.0.40219.1
Project("{FAE04EC0-301F-11D3-BF4B-00C04F79EFBC}") = "Inventory_Management _System", "Inventory_Management _System\Inventory_Management _System.csproj", "{A78DC377-8DD4-40B4-853F-63E5EDE370D4}"
EndProject
Global
	GlobalSection(SolutionConfigurationPlatforms) = preSolution
		Debug|Any CPU = Debug|Any CPU
		Release|Any CPU = Release|Any CPU
	EndGlobalSection
	GlobalSection(ProjectConfigurationPlatforms) = postSolution
		{A78DC377-8DD4-40B4-853F-63E5EDE370D4}.Debug|Any CPU.ActiveCfg = Debug|Any CPU
		{A78DC377-8DD4-40B4-853F-63E5EDE370D4}.Debug|Any CPU.Build.0 = Debug|Any CPU
		{A78DC377-8DD4-40B4-853F-63E5EDE370D4}.Release|Any CPU.ActiveCfg = Release|Any CPU
		{A78DC377-8DD4-40B4-853F-63E5EDE370D4}.Release|Any CPU.Build.0 = Release|Any CPU
	EndGlobalSection
	GlobalSection(SolutionProperties) = preSolution
		HideSolutionNode = FALSE
	EndGlobalSection
	GlobalSection(ExtensibilityGlobals) = postSolution
		SolutionGuid = {2DCCE78D-DC1B-4FE6-B8B4-08C678E50542}
	EndGlobalSection
EndGlobal
